
Microsoft Visual Studio Solution File, Format Version 12.00
# Visual Studio Version 16
VisualStudioVersion = 16.0.29806.167
MinimumVisualStudioVersion = 10.0.40219.1
Project("{FAE04EC0-301F-11D3-BF4B-00C04F79EFBC}") = "learning_use_of_web_templates", "learning_use_of_web_templates.csproj", "{3B0050C1-66F1-48D3-8D1C-58CB09DBC6AF}"
EndProject
Global
	GlobalSection(SolutionConfigurationPlatforms) = preSolution
		Debug|Any CPU = Debug|Any CPU
		Release|Any CPU = Release|Any CPU
	EndGlobalSection
	GlobalSection(ProjectConfigurationPlatforms) = postSolution
		{3B0050C1-66F1-48D3-8D1C-58CB09DBC6AF}.Debug|Any CPU.ActiveCfg = Debug|Any CPU
		{3B0050C1-66F1-48D3-8D1C-58CB09DBC6AF}.Debug|Any CPU.Build.0 = Debug|Any CPU
		{3B0050C1-66F1-48D3-8D1C-58CB09DBC6AF}.Release|Any CPU.ActiveCfg = Release|Any CPU
		{3B0050C1-66F1-48D3-8D1C-58CB09DBC6AF}.Release|Any CPU.Build.0 = Release|Any CPU
	EndGlobalSection
	GlobalSection(SolutionProperties) = preSolution
		HideSolutionNode = FALSE
	EndGlobalSection
	GlobalSection(ExtensibilityGlobals) = postSolution
		SolutionGuid = {33BBECB9-0289-404B-979D-8B932207EBDF}
	EndGlobalSection
EndGlobal
